{
  "lockfile-version": 1,
  "manifest": {
    "version": 1,
    "install": {
      "gum": {
        "pkg-path": "gum"
      },
      "postgresql": {
        "pkg-path": "postgresql_16"
      },
      "psycopg2": {
        "pkg-path": "python313Packages.psycopg2"
      },
      "requests": {
        "pkg-path": "python313Packages.requests"
      },
      "sqlite": {
        "pkg-path": "sqlite"
      },
      "termgraph": {
        "pkg-path": "python313Packages.termgraph"
      }
    },
    "vars": {
      "PGDATABASE": "pgdb",
      "PGHOSTADDR": "127.0.0.1",
      "PGPASS": "pgpass",
      "PGPORT": "15432",
      "PGUSER": "pguser"
    },
    "hook": {
      "on-activate": "\nexport PGDIR=\"$FLOX_ENV_CACHE/postgres\"\nexport PGDATA=$PGDIR/data\nexport PGHOST=$PGDIR/run\nexport PGCONFIGFILE=\"$PGDIR/postgresql.conf\"\nexport LOG_PATH=$PGHOST/LOG\nexport SESSION_SECRET=\"$USER-session-secret\"\nexport DATABASE_URL=\"postgresql:///$PGDATABASE?host=$PGHOST&port=$PGPORT\"\n\nif [[ ! -d \"$PGHOST\" ]]; then\n  mkdir -p \"$PGHOST\"\nfi\n\nif [[ ! -d \"$PGDATA\" ]]; then\n  mkdir -p \"$PGDATA\"\n  pg_initdb() {\n    initdb \"$PGDATA\" \\\n      --locale=C \\\n      --encoding=UTF8 \\\n      -A md5 \\\n      --auth=trust \\\n      --username $PGUSER \\\n      --pwfile=<(echo $PGPASS)\n  }\n  export -f pg_initdb  # This is needed for gum to be able to call function\n  if [[ \"$FLOX_ENVS_TESTING\" == \"1\" ]]; then\n    pg_initdb\n  else\n    gum spin --spinner dot --title \"Running initdb in $PGDATA\" -- bash -c pg_initdb\n  fi\n  echo \"✅ Initialize PostgreSQL ($PGDATA)\"\n\nfi\n\n\n#\nif [[ ! -f \"$PGCONFIGFILE\" ]]; then\n  tee -a $PGCONFIGFILE > /dev/null << EOF\nlisten_addresses = '$PGHOSTADDR';\nport = '$PGPORT';\nunix_socket_directories = '$PGHOST';\nunix_socket_permissions = '0700';\nEOF\n  echo \"✅ Configure PostgreSQL ($PGCONFIGFILE)\"\nfi\n\npg_ctl -D \"$PGDATA\" -w start -o \"-c unix_socket_directories=$PGHOST -c listen_addresses=$PGHOSTADDR -p $PGPORT\" > /dev/null\nif psql -lqt | cut -d \\| -f 1 | grep -qw $PGDATABASE; then\n  echo \"✅ Database '$PGDATABASE' already exists\"\nelse\n  createdb\n  echo \"✅ Database '$PGDATABASE' created\"\nfi\npg_ctl -D \"$PGDATA\" -m fast -w stop > /dev/null\n\ngum style --border double --margin \"1 2\" --padding \"1 4\" \\\n  'Start PostgreSQL in the background:' \\\n  '  👉 flox services start' \\\n  '  👉 flox activate --start-services' '' \\\n  'Try to connect to PostgreSQL:' \\\n  '  👉 psql' '' \\\n  'Connection information:' \\\n  \"  listen_addresses=$PGHOSTADDR\" \\\n  \"  port=$PGPORT\"\n\n\n\nif [ -f .token ]; then\n    export GITHUB_TOKEN=$(cat .token)\nelse\n    echo \"No .token file found. Please create one with your GitHub token.\"\nfi\n"
    },
    "options": {
      "systems": [
        "aarch64-darwin",
        "aarch64-linux",
        "x86_64-darwin",
        "x86_64-linux"
      ]
    },
    "services": {
      "postgres": {
        "command": "postgres -D $PGDATA -c unix_socket_directories=$PGHOST -c listen_addresses=$PGHOSTADDR -p $PGPORT"
      }
    }
  },
  "packages": [
    {
      "attr_path": "gum",
      "broken": false,
      "derivation": "/nix/store/9611az532yrja26hnb6knavbxdgy1yrl-gum-0.16.1.drv",
      "description": "Tasty Bubble Gum for your shell",
      "install_id": "gum",
      "license": "MIT",
      "locked_url": "https://github.com/flox/nixpkgs?rev=9e83b64f727c88a7711a2c463a7b16eedb69a84c",
      "name": "gum-0.16.1",
      "pname": "gum",
      "rev": "9e83b64f727c88a7711a2c463a7b16eedb69a84c",
      "rev_count": 816272,
      "rev_date": "2025-06-17T04:31:58Z",
      "scrape_date": "2025-06-18T00:36:16.552075Z",
      "stabilities": [
        "staging",
        "unstable"
      ],
      "unfree": false,
      "version": "0.16.1",
      "outputs_to_install": [
        "out"
      ],
      "outputs": {
        "out": "/nix/store/k3hfaznp6m5zm7436gki029amjycscfs-gum-0.16.1"
      },
      "system": "aarch64-darwin",
      "group": "toplevel",
      "priority": 5
    },
    {
      "attr_path": "gum",
      "broken": false,
      "derivation": "/nix/store/bqjky4b54ncwq9p7zad781naya87vz6n-gum-0.16.1.drv",
      "description": "Tasty Bubble Gum for your shell",
      "install_id": "gum",
      "license": "MIT",
      "locked_url": "https://github.com/flox/nixpkgs?rev=9e83b64f727c88a7711a2c463a7b16eedb69a84c",
      "name": "gum-0.16.1",
      "pname": "gum",
      "rev": "9e83b64f727c88a7711a2c463a7b16eedb69a84c",
      "rev_count": 816272,
      "rev_date": "2025-06-17T04:31:58Z",
      "scrape_date": "2025-06-18T00:54:49.885812Z",
      "stabilities": [
        "staging",
        "unstable"
      ],
      "unfree": false,
      "version": "0.16.1",
      "outputs_to_install": [
        "out"
      ],
      "outputs": {
        "out": "/nix/store/aaf6hhl897a6l2xv9jwgjsr5gwj000wl-gum-0.16.1"
      },
      "system": "aarch64-linux",
      "group": "toplevel",
      "priority": 5
    },
    {
      "attr_path": "gum",
      "broken": false,
      "derivation": "/nix/store/r5p08in9h18sy7hy0gxifnywpsdhzxph-gum-0.16.1.drv",
      "description": "Tasty Bubble Gum for your shell",
      "install_id": "gum",
      "license": "MIT",
      "locked_url": "https://github.com/flox/nixpkgs?rev=9e83b64f727c88a7711a2c463a7b16eedb69a84c",
      "name": "gum-0.16.1",
      "pname": "gum",
      "rev": "9e83b64f727c88a7711a2c463a7b16eedb69a84c",
      "rev_count": 816272,
      "rev_date": "2025-06-17T04:31:58Z",
      "scrape_date": "2025-06-18T01:12:23.817011Z",
      "stabilities": [
        "staging",
        "unstable"
      ],
      "unfree": false,
      "version": "0.16.1",
      "outputs_to_install": [
        "out"
      ],
      "outputs": {
        "out": "/nix/store/djbqwg8la91xj8qnjp0nv1brqnvv69q5-gum-0.16.1"
      },
      "system": "x86_64-darwin",
      "group": "toplevel",
      "priority": 5
    },
    {
      "attr_path": "gum",
      "broken": false,
      "derivation": "/nix/store/pzc4cj00gsfwqszfcqxk8clprmshyi74-gum-0.16.1.drv",
      "description": "Tasty Bubble Gum for your shell",
      "install_id": "gum",
      "license": "MIT",
      "locked_url": "https://github.com/flox/nixpkgs?rev=9e83b64f727c88a7711a2c463a7b16eedb69a84c",
      "name": "gum-0.16.1",
      "pname": "gum",
      "rev": "9e83b64f727c88a7711a2c463a7b16eedb69a84c",
      "rev_count": 816272,
      "rev_date": "2025-06-17T04:31:58Z",
      "scrape_date": "2025-06-18T01:32:29.505694Z",
      "stabilities": [
        "staging",
        "unstable"
      ],
      "unfree": false,
      "version": "0.16.1",
      "outputs_to_install": [
        "out"
      ],
      "outputs": {
        "out": "/nix/store/lyqs0m9rf0laldm1gfa439nd3pxpxsby-gum-0.16.1"
      },
      "system": "x86_64-linux",
      "group": "toplevel",
      "priority": 5
    },
    {
      "attr_path": "postgresql_16",
      "broken": false,
      "derivation": "/nix/store/z5vw7zrwl0qphvan6fgdxadnkpwj1rk9-postgresql-16.9.drv",
      "description": "Powerful, open source object-relational database system",
      "install_id": "postgresql",
      "license": "PostgreSQL",
      "locked_url": "https://github.com/flox/nixpkgs?rev=9e83b64f727c88a7711a2c463a7b16eedb69a84c",
      "name": "postgresql-16.9",
      "pname": "postgresql_16",
      "rev": "9e83b64f727c88a7711a2c463a7b16eedb69a84c",
      "rev_count": 816272,
      "rev_date": "2025-06-17T04:31:58Z",
      "scrape_date": "2025-06-18T00:36:24.623271Z",
      "stabilities": [
        "staging",
        "unstable"
      ],
      "unfree": false,
      "version": "16.9",
      "outputs_to_install": [
        "man",
        "out"
      ],
      "outputs": {
        "dev": "/nix/store/sb0sfvgqdgyza6y262xniik0k675zb23-postgresql-16.9-dev",
        "doc": "/nix/store/saam5mpmxbkwbyi3gvk27m0zl2yaczz5-postgresql-16.9-doc",
        "jit": "/nix/store/gyb1xzjf2d2lc3cphgs1a98gza4g96rd-postgresql-16.9-jit",
        "lib": "/nix/store/f7sc6kdardq7r23kyixzrkmdqnvd9gyq-postgresql-16.9-lib",
        "man": "/nix/store/ldfp4hhpx8nl1l49yigsvfx8mwhjbp85-postgresql-16.9-man",
        "out": "/nix/store/3a82vxhjklphnv12zq5v1bh87hvdjn77-postgresql-16.9",
        "plperl": "/nix/store/zclk90chj6ayifc589slgw547gzk5qmj-postgresql-16.9-plperl",
        "plpython3": "/nix/store/vqarmjmnf8azspc200hjyvahgsh3jir0-postgresql-16.9-plpython3",
        "pltcl": "/nix/store/5dxc759ni13j0i4as551cyim4g7zjmcc-postgresql-16.9-pltcl"
      },
      "system": "aarch64-darwin",
      "group": "toplevel",
      "priority": 5
    },
    {
      "attr_path": "postgresql_16",
      "broken": false,
      "derivation": "/nix/store/zsqhsmbr1933wmxw2mjwqarg0spr99cn-postgresql-16.9.drv",
      "description": "Powerful, open source object-relational database system",
      "install_id": "postgresql",
      "license": "PostgreSQL",
      "locked_url": "https://github.com/flox/nixpkgs?rev=9e83b64f727c88a7711a2c463a7b16eedb69a84c",
      "name": "postgresql-16.9",
      "pname": "postgresql_16",
      "rev": "9e83b64f727c88a7711a2c463a7b16eedb69a84c",
      "rev_count": 816272,
      "rev_date": "2025-06-17T04:31:58Z",
      "scrape_date": "2025-06-18T00:55:10.102115Z",
      "stabilities": [
        "staging",
        "unstable"
      ],
      "unfree": false,
      "version": "16.9",
      "outputs_to_install": [
        "man",
        "out"
      ],
      "outputs": {
        "debug": "/nix/store/3s9765wcijk7adv6b3p8w8k7ghi6fqh7-postgresql-16.9-debug",
        "dev": "/nix/store/mh51dj45y8jpbgjchl03pll656ml327y-postgresql-16.9-dev",
        "doc": "/nix/store/nfpf0ha5vwrh6wv7spxs56jcij9dlh6q-postgresql-16.9-doc",
        "jit": "/nix/store/pam2d1l2w0zyz01pm2vixz621gfcxw2h-postgresql-16.9-jit",
        "lib": "/nix/store/g5xsrbi9avh9layfqj1f301p7wjdg6fq-postgresql-16.9-lib",
        "man": "/nix/store/i4d7r50rdkd7wa2k3383s6ghsrp5s1f4-postgresql-16.9-man",
        "out": "/nix/store/rq61jcms2b1z4k3hc11hkj79cyjsmszi-postgresql-16.9",
        "plperl": "/nix/store/6b3ah2zrnlxx4vzq4j06rxmplkqy7x2x-postgresql-16.9-plperl",
        "plpython3": "/nix/store/3f8mcbj2cymmj1s6wxcxxvxsnq0q1ign-postgresql-16.9-plpython3",
        "pltcl": "/nix/store/3rkf8cbf1if8fidiwm5dk7glnc001ii5-postgresql-16.9-pltcl"
      },
      "system": "aarch64-linux",
      "group": "toplevel",
      "priority": 5
    },
    {
      "attr_path": "postgresql_16",
      "broken": false,
      "derivation": "/nix/store/8z5b99j65rwijb4ryc84x81v0jjcacpz-postgresql-16.9.drv",
      "description": "Powerful, open source object-relational database system",
      "install_id": "postgresql",
      "license": "PostgreSQL",
      "locked_url": "https://github.com/flox/nixpkgs?rev=9e83b64f727c88a7711a2c463a7b16eedb69a84c",
      "name": "postgresql-16.9",
      "pname": "postgresql_16",
      "rev": "9e83b64f727c88a7711a2c463a7b16eedb69a84c",
      "rev_count": 816272,
      "rev_date": "2025-06-17T04:31:58Z",
      "scrape_date": "2025-06-18T01:12:32.131267Z",
      "stabilities": [
        "staging",
        "unstable"
      ],
      "unfree": false,
      "version": "16.9",
      "outputs_to_install": [
        "man",
        "out"
      ],
      "outputs": {
        "dev": "/nix/store/ikridsazva5hx9zqvmhw25gcapfsk4lp-postgresql-16.9-dev",
        "doc": "/nix/store/4f0ybyyiy7i63ii7k3qsqb14s37gzcyz-postgresql-16.9-doc",
        "jit": "/nix/store/4yvl5lxlvjgiy5wj8x1jaxmhv8cs247p-postgresql-16.9-jit",
        "lib": "/nix/store/0vcp2lkvxrmw7z5d7x4bvqq7q6fisgda-postgresql-16.9-lib",
        "man": "/nix/store/2jgqdxl9jwi9hx06xb8q0bc038fp7whc-postgresql-16.9-man",
        "out": "/nix/store/985v49sf98kcqqa2dickj27j0x4nc5aa-postgresql-16.9",
        "plperl": "/nix/store/kvhr0fx0459ackizip1c0s8009hbbs0i-postgresql-16.9-plperl",
        "plpython3": "/nix/store/pjw2y48l16m9qpvg45cg3796xf0g866v-postgresql-16.9-plpython3",
        "pltcl": "/nix/store/3giyra765cpjf1fs024d4dzz6kvnkapv-postgresql-16.9-pltcl"
      },
      "system": "x86_64-darwin",
      "group": "toplevel",
      "priority": 5
    },
    {
      "attr_path": "postgresql_16",
      "broken": false,
      "derivation": "/nix/store/wpwaknf1hsq1d8jrb4k5bqc6cd381h5d-postgresql-16.9.drv",
      "description": "Powerful, open source object-relational database system",
      "install_id": "postgresql",
      "license": "PostgreSQL",
      "locked_url": "https://github.com/flox/nixpkgs?rev=9e83b64f727c88a7711a2c463a7b16eedb69a84c",
      "name": "postgresql-16.9",
      "pname": "postgresql_16",
      "rev": "9e83b64f727c88a7711a2c463a7b16eedb69a84c",
      "rev_count": 816272,
      "rev_date": "2025-06-17T04:31:58Z",
      "scrape_date": "2025-06-18T01:32:52.862200Z",
      "stabilities": [
        "staging",
        "unstable"
      ],
      "unfree": false,
      "version": "16.9",
      "outputs_to_install": [
        "man",
        "out"
      ],
      "outputs": {
        "debug": "/nix/store/j97yhan2cl8mxr0fjj42nm8yfmxmznda-postgresql-16.9-debug",
        "dev": "/nix/store/s52l1hkljj3yp7k2jb3b6cfgbg3rdgql-postgresql-16.9-dev",
        "doc": "/nix/store/7f2zlnzd6rzii14x3ccq6vy4z6r9hry7-postgresql-16.9-doc",
        "jit": "/nix/store/5za18a2r1ly10qzf5h053wh3mq1q0dc6-postgresql-16.9-jit",
        "lib": "/nix/store/i1cq4xg0h1mhn2b4z03l5yxa96i5v321-postgresql-16.9-lib",
        "man": "/nix/store/znlglz47ly34rv3glpq15az39nmdqnn8-postgresql-16.9-man",
        "out": "/nix/store/10xm5v4q6j7kbskiyfrqclsb4k2jpllj-postgresql-16.9",
        "plperl": "/nix/store/0i2zlgzw2jcfq53r07bkzpq558pmr2nx-postgresql-16.9-plperl",
        "plpython3": "/nix/store/621vql3i8nbm88hfaw01yy178xq3x82x-postgresql-16.9-plpython3",
        "pltcl": "/nix/store/1icw8h5bzkiq54vw94y47j0a46d79inp-postgresql-16.9-pltcl"
      },
      "system": "x86_64-linux",
      "group": "toplevel",
      "priority": 5
    },
    {
      "attr_path": "python313Packages.psycopg2",
      "broken": false,
      "derivation": "/nix/store/370gjl86yjjcpg7iz2wkcxjjp5hvlwj7-python3.13-psycopg2-2.9.10.drv",
      "description": "PostgreSQL database adapter for the Python programming language",
      "install_id": "psycopg2",
      "license": "[ LGPL-3.0-or-later, ZPL-2.0 ]",
      "locked_url": "https://github.com/flox/nixpkgs?rev=9e83b64f727c88a7711a2c463a7b16eedb69a84c",
      "name": "python3.13-psycopg2-2.9.10",
      "pname": "psycopg2",
      "rev": "9e83b64f727c88a7711a2c463a7b16eedb69a84c",
      "rev_count": 816272,
      "rev_date": "2025-06-17T04:31:58Z",
      "scrape_date": "2025-06-18T00:36:39.733580Z",
      "stabilities": [
        "staging",
        "unstable"
      ],
      "unfree": false,
      "version": "python3.13-psycopg2-2.9.10",
      "outputs_to_install": [
        "out"
      ],
      "outputs": {
        "dist": "/nix/store/ww2pm2kgv24466fx77avxp2s57ibc264-python3.13-psycopg2-2.9.10-dist",
        "doc": "/nix/store/kwza9dafaph0v4dwhgwr289v5vq2snxv-python3.13-psycopg2-2.9.10-doc",
        "out": "/nix/store/pl0yl8hx0j4r9wv09spzrzbpxfbc5k22-python3.13-psycopg2-2.9.10"
      },
      "system": "aarch64-darwin",
      "group": "toplevel",
      "priority": 5
    },
    {
      "attr_path": "python313Packages.psycopg2",
      "broken": false,
      "derivation": "/nix/store/big67k7v48cv6f2kj2mpw92ml3nzqck0-python3.13-psycopg2-2.9.10.drv",
      "description": "PostgreSQL database adapter for the Python programming language",
      "install_id": "psycopg2",
      "license": "[ LGPL-3.0-or-later, ZPL-2.0 ]",
      "locked_url": "https://github.com/flox/nixpkgs?rev=9e83b64f727c88a7711a2c463a7b16eedb69a84c",
      "name": "python3.13-psycopg2-2.9.10",
      "pname": "psycopg2",
      "rev": "9e83b64f727c88a7711a2c463a7b16eedb69a84c",
      "rev_count": 816272,
      "rev_date": "2025-06-17T04:31:58Z",
      "scrape_date": "2025-06-18T00:55:33.125886Z",
      "stabilities": [
        "staging",
        "unstable"
      ],
      "unfree": false,
      "version": "python3.13-psycopg2-2.9.10",
      "outputs_to_install": [
        "out"
      ],
      "outputs": {
        "dist": "/nix/store/ay1ncxddbfxd3dbdgwsq4sfd8cdm5a2j-python3.13-psycopg2-2.9.10-dist",
        "doc": "/nix/store/c50ck0rgmng6rsb7ll9gbn74zf901vyv-python3.13-psycopg2-2.9.10-doc",
        "out": "/nix/store/0gi92plvyb4lpz362ssyyij3l2ydzkla-python3.13-psycopg2-2.9.10"
      },
      "system": "aarch64-linux",
      "group": "toplevel",
      "priority": 5
    },
    {
      "attr_path": "python313Packages.psycopg2",
      "broken": false,
      "derivation": "/nix/store/738dindflbvpzwck80xdmmczmvzxa0yg-python3.13-psycopg2-2.9.10.drv",
      "description": "PostgreSQL database adapter for the Python programming language",
      "install_id": "psycopg2",
      "license": "[ LGPL-3.0-or-later, ZPL-2.0 ]",
      "locked_url": "https://github.com/flox/nixpkgs?rev=9e83b64f727c88a7711a2c463a7b16eedb69a84c",
      "name": "python3.13-psycopg2-2.9.10",
      "pname": "psycopg2",
      "rev": "9e83b64f727c88a7711a2c463a7b16eedb69a84c",
      "rev_count": 816272,
      "rev_date": "2025-06-17T04:31:58Z",
      "scrape_date": "2025-06-18T01:12:47.538558Z",
      "stabilities": [
        "staging",
        "unstable"
      ],
      "unfree": false,
      "version": "python3.13-psycopg2-2.9.10",
      "outputs_to_install": [
        "out"
      ],
      "outputs": {
        "dist": "/nix/store/3mqc7ginhilpvsn38gbkcc4b2alv35f5-python3.13-psycopg2-2.9.10-dist",
        "doc": "/nix/store/4sgwvabyp3wfy1wxzkw5hpvc933yj9kg-python3.13-psycopg2-2.9.10-doc",
        "out": "/nix/store/vfsw18sy1lw1c258cqbhxcr2bk4spnqx-python3.13-psycopg2-2.9.10"
      },
      "system": "x86_64-darwin",
      "group": "toplevel",
      "priority": 5
    },
    {
      "attr_path": "python313Packages.psycopg2",
      "broken": false,
      "derivation": "/nix/store/0bhwx8syz27kwl3dxksc57wj07h792m5-python3.13-psycopg2-2.9.10.drv",
      "description": "PostgreSQL database adapter for the Python programming language",
      "install_id": "psycopg2",
      "license": "[ LGPL-3.0-or-later, ZPL-2.0 ]",
      "locked_url": "https://github.com/flox/nixpkgs?rev=9e83b64f727c88a7711a2c463a7b16eedb69a84c",
      "name": "python3.13-psycopg2-2.9.10",
      "pname": "psycopg2",
      "rev": "9e83b64f727c88a7711a2c463a7b16eedb69a84c",
      "rev_count": 816272,
      "rev_date": "2025-06-17T04:31:58Z",
      "scrape_date": "2025-06-18T01:33:17.493117Z",
      "stabilities": [
        "staging",
        "unstable"
      ],
      "unfree": false,
      "version": "python3.13-psycopg2-2.9.10",
      "outputs_to_install": [
        "out"
      ],
      "outputs": {
        "dist": "/nix/store/jlhlycld74wna52yl40limmi2qrys5ir-python3.13-psycopg2-2.9.10-dist",
        "doc": "/nix/store/57b6sm496c8b94phrcilphx6cchn92k9-python3.13-psycopg2-2.9.10-doc",
        "out": "/nix/store/ynyj75n7pg32hca6kzsiycrj0w11wlcn-python3.13-psycopg2-2.9.10"
      },
      "system": "x86_64-linux",
      "group": "toplevel",
      "priority": 5
    },
    {
      "attr_path": "python313Packages.requests",
      "broken": false,
      "derivation": "/nix/store/3d205688j7cdvqmpgkn5vgna2kf50l7d-python3.13-requests-2.32.3.drv",
      "description": "HTTP library for Python",
      "install_id": "requests",
      "license": "Apache-2.0",
      "locked_url": "https://github.com/flox/nixpkgs?rev=9e83b64f727c88a7711a2c463a7b16eedb69a84c",
      "name": "python3.13-requests-2.32.3",
      "pname": "requests",
      "rev": "9e83b64f727c88a7711a2c463a7b16eedb69a84c",
      "rev_count": 816272,
      "rev_date": "2025-06-17T04:31:58Z",
      "scrape_date": "2025-06-18T00:36:41.620811Z",
      "stabilities": [
        "staging",
        "unstable"
      ],
      "unfree": false,
      "version": "2.32.3",
      "outputs_to_install": [
        "out"
      ],
      "outputs": {
        "dist": "/nix/store/ih90bncaf833c5mf4qq89pdcdia3hfhn-python3.13-requests-2.32.3-dist",
        "out": "/nix/store/4x4hb7nizbkwp0hwz1fipajm22zx1b1l-python3.13-requests-2.32.3"
      },
      "system": "aarch64-darwin",
      "group": "toplevel",
      "priority": 5
    },
    {
      "attr_path": "python313Packages.requests",
      "broken": false,
      "derivation": "/nix/store/754l24vwsmii0zy8ml6320scq6ngk99q-python3.13-requests-2.32.3.drv",
      "description": "HTTP library for Python",
      "install_id": "requests",
      "license": "Apache-2.0",
      "locked_url": "https://github.com/flox/nixpkgs?rev=9e83b64f727c88a7711a2c463a7b16eedb69a84c",
      "name": "python3.13-requests-2.32.3",
      "pname": "requests",
      "rev": "9e83b64f727c88a7711a2c463a7b16eedb69a84c",
      "rev_count": 816272,
      "rev_date": "2025-06-17T04:31:58Z",
      "scrape_date": "2025-06-18T00:55:35.837632Z",
      "stabilities": [
        "staging",
        "unstable"
      ],
      "unfree": false,
      "version": "2.32.3",
      "outputs_to_install": [
        "out"
      ],
      "outputs": {
        "dist": "/nix/store/nan651k5hhkc35srjxw220vpf7qh9lqy-python3.13-requests-2.32.3-dist",
        "out": "/nix/store/pi2w70a236p16shfa5vi8dwxjcc6svl3-python3.13-requests-2.32.3"
      },
      "system": "aarch64-linux",
      "group": "toplevel",
      "priority": 5
    },
    {
      "attr_path": "python313Packages.requests",
      "broken": false,
      "derivation": "/nix/store/kbmffjinls287kzlp6j3vl1vm1fqcynb-python3.13-requests-2.32.3.drv",
      "description": "HTTP library for Python",
      "install_id": "requests",
      "license": "Apache-2.0",
      "locked_url": "https://github.com/flox/nixpkgs?rev=9e83b64f727c88a7711a2c463a7b16eedb69a84c",
      "name": "python3.13-requests-2.32.3",
      "pname": "requests",
      "rev": "9e83b64f727c88a7711a2c463a7b16eedb69a84c",
      "rev_count": 816272,
      "rev_date": "2025-06-17T04:31:58Z",
      "scrape_date": "2025-06-18T01:12:49.478032Z",
      "stabilities": [
        "staging",
        "unstable"
      ],
      "unfree": false,
      "version": "2.32.3",
      "outputs_to_install": [
        "out"
      ],
      "outputs": {
        "dist": "/nix/store/367r3b8b60zncfis0x0i76qvlmm97lgn-python3.13-requests-2.32.3-dist",
        "out": "/nix/store/jbz2ghxfv1anxz9wsdfrkn3axn568j2i-python3.13-requests-2.32.3"
      },
      "system": "x86_64-darwin",
      "group": "toplevel",
      "priority": 5
    },
    {
      "attr_path": "python313Packages.requests",
      "broken": false,
      "derivation": "/nix/store/pxbz9m1mr2m53zvf0x9w6sg1pq6d41bd-python3.13-requests-2.32.3.drv",
      "description": "HTTP library for Python",
      "install_id": "requests",
      "license": "Apache-2.0",
      "locked_url": "https://github.com/flox/nixpkgs?rev=9e83b64f727c88a7711a2c463a7b16eedb69a84c",
      "name": "python3.13-requests-2.32.3",
      "pname": "requests",
      "rev": "9e83b64f727c88a7711a2c463a7b16eedb69a84c",
      "rev_count": 816272,
      "rev_date": "2025-06-17T04:31:58Z",
      "scrape_date": "2025-06-18T01:33:20.367677Z",
      "stabilities": [
        "staging",
        "unstable"
      ],
      "unfree": false,
      "version": "2.32.3",
      "outputs_to_install": [
        "out"
      ],
      "outputs": {
        "dist": "/nix/store/b90c1mqwrry5jjhns9zfx3rykcqg3gcb-python3.13-requests-2.32.3-dist",
        "out": "/nix/store/rxqnbgz2yrhhzfp0i2wf9ikvnllj2ldk-python3.13-requests-2.32.3"
      },
      "system": "x86_64-linux",
      "group": "toplevel",
      "priority": 5
    },
    {
      "attr_path": "sqlite",
      "broken": false,
      "derivation": "/nix/store/h531r1c9vj315fkyq2cv77b2dzddmzbx-sqlite-3.48.0.drv",
      "description": "Self-contained, serverless, zero-configuration, transactional SQL database engine",
      "install_id": "sqlite",
      "license": "Public Domain",
      "locked_url": "https://github.com/flox/nixpkgs?rev=9e83b64f727c88a7711a2c463a7b16eedb69a84c",
      "name": "sqlite-3.48.0",
      "pname": "sqlite",
      "rev": "9e83b64f727c88a7711a2c463a7b16eedb69a84c",
      "rev_count": 816272,
      "rev_date": "2025-06-17T04:31:58Z",
      "scrape_date": "2025-06-18T00:36:57.359659Z",
      "stabilities": [
        "staging",
        "unstable"
      ],
      "unfree": false,
      "version": "3.48.0",
      "outputs_to_install": [
        "bin",
        "man"
      ],
      "outputs": {
        "bin": "/nix/store/cq20rd1ci51s72zv7k29h63clrj6rl0l-sqlite-3.48.0-bin",
        "dev": "/nix/store/i30kh3xb6miyckm5nq554lmwfgciyxb7-sqlite-3.48.0-dev",
        "doc": "/nix/store/hxvmkk8icrgshsdg39qlsn9bia3dz41z-sqlite-3.48.0-doc",
        "man": "/nix/store/sal36w50bf6hlv076n4bypsyk51rn3ki-sqlite-3.48.0-man",
        "out": "/nix/store/3q2bsgj3rpj8xksh6zgscwv3g1mzcjxy-sqlite-3.48.0"
      },
      "system": "aarch64-darwin",
      "group": "toplevel",
      "priority": 5
    },
    {
      "attr_path": "sqlite",
      "broken": false,
      "derivation": "/nix/store/rxxka9k7b6whypngh48fhr3awiaz6hj2-sqlite-3.48.0.drv",
      "description": "Self-contained, serverless, zero-configuration, transactional SQL database engine",
      "install_id": "sqlite",
      "license": "Public Domain",
      "locked_url": "https://github.com/flox/nixpkgs?rev=9e83b64f727c88a7711a2c463a7b16eedb69a84c",
      "name": "sqlite-3.48.0",
      "pname": "sqlite",
      "rev": "9e83b64f727c88a7711a2c463a7b16eedb69a84c",
      "rev_count": 816272,
      "rev_date": "2025-06-17T04:31:58Z",
      "scrape_date": "2025-06-18T00:55:58.206540Z",
      "stabilities": [
        "staging",
        "unstable"
      ],
      "unfree": false,
      "version": "3.48.0",
      "outputs_to_install": [
        "bin",
        "man"
      ],
      "outputs": {
        "bin": "/nix/store/j9gsxv41ravm46zxkq6bz0kih7vikf2q-sqlite-3.48.0-bin",
        "debug": "/nix/store/cchzb2prmi3b93r0n252nj9kmi8sq15h-sqlite-3.48.0-debug",
        "dev": "/nix/store/qq5r0v7w2knd099ih1yi705sgqb6xrq4-sqlite-3.48.0-dev",
        "doc": "/nix/store/dy5bgi74fdcyrvsqljcm71ys8vln6jwq-sqlite-3.48.0-doc",
        "man": "/nix/store/53xmz12n4qch61r792wvlm8aaw88r2mv-sqlite-3.48.0-man",
        "out": "/nix/store/nzzrpcj9r48kq73fwibjxbwpnykrj5rf-sqlite-3.48.0"
      },
      "system": "aarch64-linux",
      "group": "toplevel",
      "priority": 5
    },
    {
      "attr_path": "sqlite",
      "broken": false,
      "derivation": "/nix/store/dr069z6wipckxdjwcsdhk5lsr4f5abw2-sqlite-3.48.0.drv",
      "description": "Self-contained, serverless, zero-configuration, transactional SQL database engine",
      "install_id": "sqlite",
      "license": "Public Domain",
      "locked_url": "https://github.com/flox/nixpkgs?rev=9e83b64f727c88a7711a2c463a7b16eedb69a84c",
      "name": "sqlite-3.48.0",
      "pname": "sqlite",
      "rev": "9e83b64f727c88a7711a2c463a7b16eedb69a84c",
      "rev_count": 816272,
      "rev_date": "2025-06-17T04:31:58Z",
      "scrape_date": "2025-06-18T01:13:05.671438Z",
      "stabilities": [
        "staging",
        "unstable"
      ],
      "unfree": false,
      "version": "3.48.0",
      "outputs_to_install": [
        "bin",
        "man"
      ],
      "outputs": {
        "bin": "/nix/store/whxzqmryz1s807f9difm7sbky86p0mpl-sqlite-3.48.0-bin",
        "dev": "/nix/store/2p883ilw7k58sq8hwcnl519di738wxp0-sqlite-3.48.0-dev",
        "doc": "/nix/store/dz22l0c3h2gxvzx45vkwcwd3sr0mvjs5-sqlite-3.48.0-doc",
        "man": "/nix/store/c1q9an2k734218s47hsb3w7ppa5pdpgz-sqlite-3.48.0-man",
        "out": "/nix/store/9wjh0cydjvncz80x3l3flw67rvq6jwdq-sqlite-3.48.0"
      },
      "system": "x86_64-darwin",
      "group": "toplevel",
      "priority": 5
    },
    {
      "attr_path": "sqlite",
      "broken": false,
      "derivation": "/nix/store/5z99pfws3r68vdxjbh05ryd063vqzrix-sqlite-3.48.0.drv",
      "description": "Self-contained, serverless, zero-configuration, transactional SQL database engine",
      "install_id": "sqlite",
      "license": "Public Domain",
      "locked_url": "https://github.com/flox/nixpkgs?rev=9e83b64f727c88a7711a2c463a7b16eedb69a84c",
      "name": "sqlite-3.48.0",
      "pname": "sqlite",
      "rev": "9e83b64f727c88a7711a2c463a7b16eedb69a84c",
      "rev_count": 816272,
      "rev_date": "2025-06-17T04:31:58Z",
      "scrape_date": "2025-06-18T01:33:44.521040Z",
      "stabilities": [
        "staging",
        "unstable"
      ],
      "unfree": false,
      "version": "3.48.0",
      "outputs_to_install": [
        "bin",
        "man"
      ],
      "outputs": {
        "bin": "/nix/store/b83kagl3d98zf8dbvh52lw4xg881bhkf-sqlite-3.48.0-bin",
        "debug": "/nix/store/719sjqlrhmrn02079dam88m0ch4gwm7h-sqlite-3.48.0-debug",
        "dev": "/nix/store/92gwa4j45skp8d096csmnj2a8jcn0q9w-sqlite-3.48.0-dev",
        "doc": "/nix/store/a0h09d196h7j564mrcy15bldd95blw7j-sqlite-3.48.0-doc",
        "man": "/nix/store/xrjy0a756pb41qq9a38lqvy2m7jd78p5-sqlite-3.48.0-man",
        "out": "/nix/store/yfjzkkkyxcalyj7l1n4d4y6s81i65hmy-sqlite-3.48.0"
      },
      "system": "x86_64-linux",
      "group": "toplevel",
      "priority": 5
    },
    {
      "attr_path": "python313Packages.termgraph",
      "broken": false,
      "derivation": "/nix/store/1r163yji2krg0jpj1388mpssifa5wrny-python3.13-termgraph-0.5.3.drv",
      "description": "Python command-line tool which draws basic graphs in the terminal",
      "install_id": "termgraph",
      "license": "MIT",
      "locked_url": "https://github.com/flox/nixpkgs?rev=9e83b64f727c88a7711a2c463a7b16eedb69a84c",
      "name": "python3.13-termgraph-0.5.3",
      "pname": "termgraph",
      "rev": "9e83b64f727c88a7711a2c463a7b16eedb69a84c",
      "rev_count": 816272,
      "rev_date": "2025-06-17T04:31:58Z",
      "scrape_date": "2025-06-18T00:36:42.851909Z",
      "stabilities": [
        "staging",
        "unstable"
      ],
      "unfree": false,
      "version": "0.5.3",
      "outputs_to_install": [
        "out"
      ],
      "outputs": {
        "dist": "/nix/store/galzjgjiy9b1lqpa97m3lq2hgrpykf54-python3.13-termgraph-0.5.3-dist",
        "out": "/nix/store/9w5pi2d5hn0bbr3n7xxmcakwdpclrww0-python3.13-termgraph-0.5.3"
      },
      "system": "aarch64-darwin",
      "group": "toplevel",
      "priority": 5
    },
    {
      "attr_path": "python313Packages.termgraph",
      "broken": false,
      "derivation": "/nix/store/czj1vc14ayzh4xn8lj42zm1vp6qxp8a3-python3.13-termgraph-0.5.3.drv",
      "description": "Python command-line tool which draws basic graphs in the terminal",
      "install_id": "termgraph",
      "license": "MIT",
      "locked_url": "https://github.com/flox/nixpkgs?rev=9e83b64f727c88a7711a2c463a7b16eedb69a84c",
      "name": "python3.13-termgraph-0.5.3",
      "pname": "termgraph",
      "rev": "9e83b64f727c88a7711a2c463a7b16eedb69a84c",
      "rev_count": 816272,
      "rev_date": "2025-06-17T04:31:58Z",
      "scrape_date": "2025-06-18T00:55:37.574499Z",
      "stabilities": [
        "staging",
        "unstable"
      ],
      "unfree": false,
      "version": "0.5.3",
      "outputs_to_install": [
        "out"
      ],
      "outputs": {
        "dist": "/nix/store/s8247r23i58ykxnf3cml6jimd4dv6nc6-python3.13-termgraph-0.5.3-dist",
        "out": "/nix/store/6mvr0p67kfg1hrg29z2a678qcqynmini-python3.13-termgraph-0.5.3"
      },
      "system": "aarch64-linux",
      "group": "toplevel",
      "priority": 5
    },
    {
      "attr_path": "python313Packages.termgraph",
      "broken": false,
      "derivation": "/nix/store/m5g84kh959ly0mggiyhz5f2rr7bmap8l-python3.13-termgraph-0.5.3.drv",
      "description": "Python command-line tool which draws basic graphs in the terminal",
      "install_id": "termgraph",
      "license": "MIT",
      "locked_url": "https://github.com/flox/nixpkgs?rev=9e83b64f727c88a7711a2c463a7b16eedb69a84c",
      "name": "python3.13-termgraph-0.5.3",
      "pname": "termgraph",
      "rev": "9e83b64f727c88a7711a2c463a7b16eedb69a84c",
      "rev_count": 816272,
      "rev_date": "2025-06-17T04:31:58Z",
      "scrape_date": "2025-06-18T01:12:50.737796Z",
      "stabilities": [
        "staging",
        "unstable"
      ],
      "unfree": false,
      "version": "0.5.3",
      "outputs_to_install": [
        "out"
      ],
      "outputs": {
        "dist": "/nix/store/8kgl3lrpabf1smlamlsf1f4vq11x1qps-python3.13-termgraph-0.5.3-dist",
        "out": "/nix/store/qb2ydcz7r9na351fy61a9rxjy4zdmvma-python3.13-termgraph-0.5.3"
      },
      "system": "x86_64-darwin",
      "group": "toplevel",
      "priority": 5
    },
    {
      "attr_path": "python313Packages.termgraph",
      "broken": false,
      "derivation": "/nix/store/07a040kryjlsadmysn662min8d3i6nja-python3.13-termgraph-0.5.3.drv",
      "description": "Python command-line tool which draws basic graphs in the terminal",
      "install_id": "termgraph",
      "license": "MIT",
      "locked_url": "https://github.com/flox/nixpkgs?rev=9e83b64f727c88a7711a2c463a7b16eedb69a84c",
      "name": "python3.13-termgraph-0.5.3",
      "pname": "termgraph",
      "rev": "9e83b64f727c88a7711a2c463a7b16eedb69a84c",
      "rev_count": 816272,
      "rev_date": "2025-06-17T04:31:58Z",
      "scrape_date": "2025-06-18T01:33:22.214747Z",
      "stabilities": [
        "staging",
        "unstable"
      ],
      "unfree": false,
      "version": "0.5.3",
      "outputs_to_install": [
        "out"
      ],
      "outputs": {
        "dist": "/nix/store/yd2waib748w0ihq4fbwwmyi2cks39iwr-python3.13-termgraph-0.5.3-dist",
        "out": "/nix/store/gkg786jj1cn8bi1lwghsbkgi72c6z9i4-python3.13-termgraph-0.5.3"
      },
      "system": "x86_64-linux",
      "group": "toplevel",
      "priority": 5
    }
  ],
  "compose": {
    "composer": {
      "version": 1,
      "install": {
        "psycopg2": {
          "pkg-path": "python313Packages.psycopg2"
        },
        "requests": {
          "pkg-path": "python313Packages.requests"
        },
        "sqlite": {
          "pkg-path": "sqlite"
        },
        "termgraph": {
          "pkg-path": "python313Packages.termgraph"
        }
      },
      "hook": {
        "on-activate": "\nif [ -f .token ]; then\n    export GITHUB_TOKEN=$(cat .token)\nelse\n    echo \"No .token file found. Please create one with your GitHub token.\"\nfi\n"
      },
      "options": {},
      "include": {
        "environments": [
          {
            "remote": "flox/postgres"
          }
        ]
      }
    },
    "include": [
      {
        "manifest": {
          "version": 1,
          "install": {
            "gum": {
              "pkg-path": "gum"
            },
            "postgresql": {
              "pkg-path": "postgresql_16"
            }
          },
          "vars": {
            "PGDATABASE": "pgdb",
            "PGHOSTADDR": "127.0.0.1",
            "PGPASS": "pgpass",
            "PGPORT": "15432",
            "PGUSER": "pguser"
          },
          "hook": {
            "on-activate": "\nexport PGDIR=\"$FLOX_ENV_CACHE/postgres\"\nexport PGDATA=$PGDIR/data\nexport PGHOST=$PGDIR/run\nexport PGCONFIGFILE=\"$PGDIR/postgresql.conf\"\nexport LOG_PATH=$PGHOST/LOG\nexport SESSION_SECRET=\"$USER-session-secret\"\nexport DATABASE_URL=\"postgresql:///$PGDATABASE?host=$PGHOST&port=$PGPORT\"\n\nif [[ ! -d \"$PGHOST\" ]]; then\n  mkdir -p \"$PGHOST\"\nfi\n\nif [[ ! -d \"$PGDATA\" ]]; then\n  mkdir -p \"$PGDATA\"\n  pg_initdb() {\n    initdb \"$PGDATA\" \\\n      --locale=C \\\n      --encoding=UTF8 \\\n      -A md5 \\\n      --auth=trust \\\n      --username $PGUSER \\\n      --pwfile=<(echo $PGPASS)\n  }\n  export -f pg_initdb  # This is needed for gum to be able to call function\n  if [[ \"$FLOX_ENVS_TESTING\" == \"1\" ]]; then\n    pg_initdb\n  else\n    gum spin --spinner dot --title \"Running initdb in $PGDATA\" -- bash -c pg_initdb\n  fi\n  echo \"✅ Initialize PostgreSQL ($PGDATA)\"\n\nfi\n\n\n#\nif [[ ! -f \"$PGCONFIGFILE\" ]]; then\n  tee -a $PGCONFIGFILE > /dev/null << EOF\nlisten_addresses = '$PGHOSTADDR';\nport = '$PGPORT';\nunix_socket_directories = '$PGHOST';\nunix_socket_permissions = '0700';\nEOF\n  echo \"✅ Configure PostgreSQL ($PGCONFIGFILE)\"\nfi\n\npg_ctl -D \"$PGDATA\" -w start -o \"-c unix_socket_directories=$PGHOST -c listen_addresses=$PGHOSTADDR -p $PGPORT\" > /dev/null\nif psql -lqt | cut -d \\| -f 1 | grep -qw $PGDATABASE; then\n  echo \"✅ Database '$PGDATABASE' already exists\"\nelse\n  createdb\n  echo \"✅ Database '$PGDATABASE' created\"\nfi\npg_ctl -D \"$PGDATA\" -m fast -w stop > /dev/null\n\ngum style --border double --margin \"1 2\" --padding \"1 4\" \\\n  'Start PostgreSQL in the background:' \\\n  '  👉 flox services start' \\\n  '  👉 flox activate --start-services' '' \\\n  'Try to connect to PostgreSQL:' \\\n  '  👉 psql' '' \\\n  'Connection information:' \\\n  \"  listen_addresses=$PGHOSTADDR\" \\\n  \"  port=$PGPORT\"\n\n"
          },
          "options": {
            "systems": [
              "aarch64-darwin",
              "aarch64-linux",
              "x86_64-darwin",
              "x86_64-linux"
            ]
          },
          "services": {
            "postgres": {
              "command": "postgres -D $PGDATA -c unix_socket_directories=$PGHOST -c listen_addresses=$PGHOSTADDR -p $PGPORT"
            }
          }
        },
        "name": "postgres",
        "descriptor": {
          "remote": "flox/postgres"
        }
      }
    ],
    "warnings": []
  }
}